# generated by rye
# use `rye lock` or `rye sync` to update this lockfile
#
# last locked with the following flags:
#   pre: false
#   features: []
#   all-features: false
#   with-sources: false

-e file:.
certifi==2024.2.2
    # via requests
charset-normalizer==3.3.2
    # via requests
idna==3.7
    # via requests
jinja2==3.1.3
    # via mythai
markupsafe==2.1.5
    # via jinja2
platformdirs==4.2.0
    # via mythai
pyyaml==6.0.1
    # via mythai
requests==2.31.0
    # via mythai
urllib3==2.2.1
    # via requests
